// !$*UTF8*$!
{
	archiveVersion = 1;
	classes = {
	};
	objectVersion = 46;
	objects = {

/* Begin PBXBuildFile section */
		08288FF6187DFB9A005C6400 /* Foundation.framework in Frameworks */ = {isa = PBXBuildFile; fileRef = 08288FF5187DFB9A005C6400 /* Foundation.framework */; };
		08288FF8187DFB9A005C6400 /* CoreGraphics.framework in Frameworks */ = {isa = PBXBuildFile; fileRef = 08288FF7187DFB9A005C6400 /* CoreGraphics.framework */; };
		08288FFA187DFB9A005C6400 /* UIKit.framework in Frameworks */ = {isa = PBXBuildFile; fileRef = 08288FF9187DFB9A005C6400 /* UIKit.framework */; };
		08289000187DFB9A005C6400 /* InfoPlist.strings in Resources */ = {isa = PBXBuildFile; fileRef = 08288FFE187DFB9A005C6400 /* InfoPlist.strings */; };
		08289002187DFB9A005C6400 /* main.m in Sources */ = {isa = PBXBuildFile; fileRef = 08289001187DFB9A005C6400 /* main.m */; };
		08289006187DFB9A005C6400 /* GRKAppDelegate.m in Sources */ = {isa = PBXBuildFile; fileRef = 08289005187DFB9A005C6400 /* GRKAppDelegate.m */; };
		08289009187DFB9A005C6400 /* Main.storyboard in Resources */ = {isa = PBXBuildFile; fileRef = 08289007187DFB9A005C6400 /* Main.storyboard */; };
		0828900C187DFB9A005C6400 /* GRKViewController.m in Sources */ = {isa = PBXBuildFile; fileRef = 0828900B187DFB9A005C6400 /* GRKViewController.m */; };
		0828900E187DFB9A005C6400 /* Images.xcassets in Resources */ = {isa = PBXBuildFile; fileRef = 0828900D187DFB9A005C6400 /* Images.xcassets */; };
		08289015187DFB9A005C6400 /* XCTest.framework in Frameworks */ = {isa = PBXBuildFile; fileRef = 08289014187DFB9A005C6400 /* XCTest.framework */; };
		08289016187DFB9A005C6400 /* Foundation.framework in Frameworks */ = {isa = PBXBuildFile; fileRef = 08288FF5187DFB9A005C6400 /* Foundation.framework */; };
		08289017187DFB9A005C6400 /* UIKit.framework in Frameworks */ = {isa = PBXBuildFile; fileRef = 08288FF9187DFB9A005C6400 /* UIKit.framework */; };
		0828901F187DFB9A005C6400 /* InfoPlist.strings in Resources */ = {isa = PBXBuildFile; fileRef = 0828901D187DFB9A005C6400 /* InfoPlist.strings */; };
		08289021187DFB9A005C6400 /* GRKBlurViewTestAppTests.m in Sources */ = {isa = PBXBuildFile; fileRef = 08289020187DFB9A005C6400 /* GRKBlurViewTestAppTests.m */; };
		0828902C187DFBC8005C6400 /* GRKBlurView.m in Sources */ = {isa = PBXBuildFile; fileRef = 0828902B187DFBC8005C6400 /* GRKBlurView.m */; };
		0828902D187DFBC8005C6400 /* GRKBlurView.m in Sources */ = {isa = PBXBuildFile; fileRef = 0828902B187DFBC8005C6400 /* GRKBlurView.m */; };
		DBAC867B193651D80026A79D /* UIView+Snapshot.m in Sources */ = {isa = PBXBuildFile; fileRef = DBAC867A193651D80026A79D /* UIView+Snapshot.m */; };
		DBAC867E1936B66F0026A79D /* UIImage+Resize.m in Sources */ = {isa = PBXBuildFile; fileRef = DBAC867D1936B66F0026A79D /* UIImage+Resize.m */; };
		DBAC86811936B7AE0026A79D /* UIImage+Blur.m in Sources */ = {isa = PBXBuildFile; fileRef = DBAC86801936B7AE0026A79D /* UIImage+Blur.m */; };
/* End PBXBuildFile section */

/* Begin PBXContainerItemProxy section */
		08289018187DFB9A005C6400 /* PBXContainerItemProxy */ = {
			isa = PBXContainerItemProxy;
			containerPortal = 08288FEA187DFB9A005C6400 /* Project object */;
			proxyType = 1;
			remoteGlobalIDString = 08288FF1187DFB9A005C6400;
			remoteInfo = GRKBlurViewTestApp;
		};
/* End PBXContainerItemProxy section */

/* Begin PBXFileReference section */
		08288FF2187DFB9A005C6400 /* GRKBlurViewTestApp.app */ = {isa = PBXFileReference; explicitFileType = wrapper.application; includeInIndex = 0; path = GRKBlurViewTestApp.app; sourceTree = BUILT_PRODUCTS_DIR; };
		08288FF5187DFB9A005C6400 /* Foundation.framework */ = {isa = PBXFileReference; lastKnownFileType = wrapper.framework; name = Foundation.framework; path = System/Library/Frameworks/Foundation.framework; sourceTree = SDKROOT; };
		08288FF7187DFB9A005C6400 /* CoreGraphics.framework */ = {isa = PBXFileReference; lastKnownFileType = wrapper.framework; name = CoreGraphics.framework; path = System/Library/Frameworks/CoreGraphics.framework; sourceTree = SDKROOT; };
		08288FF9187DFB9A005C6400 /* UIKit.framework */ = {isa = PBXFileReference; lastKnownFileType = wrapper.framework; name = UIKit.framework; path = System/Library/Frameworks/UIKit.framework; sourceTree = SDKROOT; };
		08288FFD187DFB9A005C6400 /* GRKBlurViewTestApp-Info.plist */ = {isa = PBXFileReference; lastKnownFileType = text.plist.xml; path = "GRKBlurViewTestApp-Info.plist"; sourceTree = "<group>"; };
		08288FFF187DFB9A005C6400 /* en */ = {isa = PBXFileReference; lastKnownFileType = text.plist.strings; name = en; path = en.lproj/InfoPlist.strings; sourceTree = "<group>"; };
		08289001187DFB9A005C6400 /* main.m */ = {isa = PBXFileReference; lastKnownFileType = sourcecode.c.objc; path = main.m; sourceTree = "<group>"; };
		08289003187DFB9A005C6400 /* GRKBlurViewTestApp-Prefix.pch */ = {isa = PBXFileReference; lastKnownFileType = sourcecode.c.h; path = "GRKBlurViewTestApp-Prefix.pch"; sourceTree = "<group>"; };
		08289004187DFB9A005C6400 /* GRKAppDelegate.h */ = {isa = PBXFileReference; lastKnownFileType = sourcecode.c.h; path = GRKAppDelegate.h; sourceTree = "<group>"; };
		08289005187DFB9A005C6400 /* GRKAppDelegate.m */ = {isa = PBXFileReference; lastKnownFileType = sourcecode.c.objc; path = GRKAppDelegate.m; sourceTree = "<group>"; };
		08289008187DFB9A005C6400 /* Base */ = {isa = PBXFileReference; lastKnownFileType = file.storyboard; name = Base; path = Base.lproj/Main.storyboard; sourceTree = "<group>"; };
		0828900A187DFB9A005C6400 /* GRKViewController.h */ = {isa = PBXFileReference; lastKnownFileType = sourcecode.c.h; path = GRKViewController.h; sourceTree = "<group>"; };
		0828900B187DFB9A005C6400 /* GRKViewController.m */ = {isa = PBXFileReference; lastKnownFileType = sourcecode.c.objc; path = GRKViewController.m; sourceTree = "<group>"; };
		0828900D187DFB9A005C6400 /* Images.xcassets */ = {isa = PBXFileReference; lastKnownFileType = folder.assetcatalog; path = Images.xcassets; sourceTree = "<group>"; };
		08289013187DFB9A005C6400 /* GRKBlurViewTestAppTests.xctest */ = {isa = PBXFileReference; explicitFileType = wrapper.cfbundle; includeInIndex = 0; path = GRKBlurViewTestAppTests.xctest; sourceTree = BUILT_PRODUCTS_DIR; };
		08289014187DFB9A005C6400 /* XCTest.framework */ = {isa = PBXFileReference; lastKnownFileType = wrapper.framework; name = XCTest.framework; path = Library/Frameworks/XCTest.framework; sourceTree = DEVELOPER_DIR; };
		0828901C187DFB9A005C6400 /* GRKBlurViewTestAppTests-Info.plist */ = {isa = PBXFileReference; lastKnownFileType = text.plist.xml; path = "GRKBlurViewTestAppTests-Info.plist"; sourceTree = "<group>"; };
		0828901E187DFB9A005C6400 /* en */ = {isa = PBXFileReference; lastKnownFileType = text.plist.strings; name = en; path = en.lproj/InfoPlist.strings; sourceTree = "<group>"; };
		08289020187DFB9A005C6400 /* GRKBlurViewTestAppTests.m */ = {isa = PBXFileReference; lastKnownFileType = sourcecode.c.objc; path = GRKBlurViewTestAppTests.m; sourceTree = "<group>"; };
		0828902A187DFBC8005C6400 /* GRKBlurView.h */ = {isa = PBXFileReference; fileEncoding = 4; lastKnownFileType = sourcecode.c.h; name = GRKBlurView.h; path = ../../GRKBlurView/GRKBlurView.h; sourceTree = "<group>"; };
		0828902B187DFBC8005C6400 /* GRKBlurView.m */ = {isa = PBXFileReference; fileEncoding = 4; lastKnownFileType = sourcecode.c.objc; name = GRKBlurView.m; path = ../../GRKBlurView/GRKBlurView.m; sourceTree = "<group>"; };
		DBAC8679193651D80026A79D /* UIView+Snapshot.h */ = {isa = PBXFileReference; fileEncoding = 4; lastKnownFileType = sourcecode.c.h; name = "UIView+Snapshot.h"; path = "../../GRKBlurView/UIView+Snapshot.h"; sourceTree = "<group>"; };
		DBAC867A193651D80026A79D /* UIView+Snapshot.m */ = {isa = PBXFileReference; fileEncoding = 4; lastKnownFileType = sourcecode.c.objc; name = "UIView+Snapshot.m"; path = "../../GRKBlurView/UIView+Snapshot.m"; sourceTree = "<group>"; };
		DBAC867C1936B66F0026A79D /* UIImage+Resize.h */ = {isa = PBXFileReference; fileEncoding = 4; lastKnownFileType = sourcecode.c.h; name = "UIImage+Resize.h"; path = "../../GRKBlurView/UIImage+Resize.h"; sourceTree = "<group>"; };
		DBAC867D1936B66F0026A79D /* UIImage+Resize.m */ = {isa = PBXFileReference; fileEncoding = 4; lastKnownFileType = sourcecode.c.objc; name = "UIImage+Resize.m"; path = "../../GRKBlurView/UIImage+Resize.m"; sourceTree = "<group>"; };
		DBAC867F1936B7AE0026A79D /* UIImage+Blur.h */ = {isa = PBXFileReference; fileEncoding = 4; lastKnownFileType = sourcecode.c.h; name = "UIImage+Blur.h"; path = "../../GRKBlurView/UIImage+Blur.h"; sourceTree = "<group>"; };
		DBAC86801936B7AE0026A79D /* UIImage+Blur.m */ = {isa = PBXFileReference; fileEncoding = 4; lastKnownFileType = sourcecode.c.objc; name = "UIImage+Blur.m"; path = "../../GRKBlurView/UIImage+Blur.m"; sourceTree = "<group>"; };
/* End PBXFileReference section */

/* Begin PBXFrameworksBuildPhase section */
		08288FEF187DFB9A005C6400 /* Frameworks */ = {
			isa = PBXFrameworksBuildPhase;
			buildActionMask = 2147483647;
			files = (
				08288FF8187DFB9A005C6400 /* CoreGraphics.framework in Frameworks */,
				08288FFA187DFB9A005C6400 /* UIKit.framework in Frameworks */,
				08288FF6187DFB9A005C6400 /* Foundation.framework in Frameworks */,
			);
			runOnlyForDeploymentPostprocessing = 0;
		};
		08289010187DFB9A005C6400 /* Frameworks */ = {
			isa = PBXFrameworksBuildPhase;
			buildActionMask = 2147483647;
			files = (
				08289015187DFB9A005C6400 /* XCTest.framework in Frameworks */,
				08289017187DFB9A005C6400 /* UIKit.framework in Frameworks */,
				08289016187DFB9A005C6400 /* Foundation.framework in Frameworks */,
			);
			runOnlyForDeploymentPostprocessing = 0;
		};
/* End PBXFrameworksBuildPhase section */

/* Begin PBXGroup section */
		08288FE9187DFB9A005C6400 = {
			isa = PBXGroup;
			children = (
				0828902E187DFBCF005C6400 /* GRKBlurView */,
				08288FFB187DFB9A005C6400 /* GRKBlurViewTestApp */,
				0828901A187DFB9A005C6400 /* GRKBlurViewTestAppTests */,
				08288FF4187DFB9A005C6400 /* Frameworks */,
				08288FF3187DFB9A005C6400 /* Products */,
			);
			sourceTree = "<group>";
		};
		08288FF3187DFB9A005C6400 /* Products */ = {
			isa = PBXGroup;
			children = (
				08288FF2187DFB9A005C6400 /* GRKBlurViewTestApp.app */,
				08289013187DFB9A005C6400 /* GRKBlurViewTestAppTests.xctest */,
			);
			name = Products;
			sourceTree = "<group>";
		};
		08288FF4187DFB9A005C6400 /* Frameworks */ = {
			isa = PBXGroup;
			children = (
				08288FF5187DFB9A005C6400 /* Foundation.framework */,
				08288FF7187DFB9A005C6400 /* CoreGraphics.framework */,
				08288FF9187DFB9A005C6400 /* UIKit.framework */,
				08289014187DFB9A005C6400 /* XCTest.framework */,
			);
			name = Frameworks;
			sourceTree = "<group>";
		};
		08288FFB187DFB9A005C6400 /* GRKBlurViewTestApp */ = {
			isa = PBXGroup;
			children = (
				08289004187DFB9A005C6400 /* GRKAppDelegate.h */,
				08289005187DFB9A005C6400 /* GRKAppDelegate.m */,
				08289007187DFB9A005C6400 /* Main.storyboard */,
				0828900A187DFB9A005C6400 /* GRKViewController.h */,
				0828900B187DFB9A005C6400 /* GRKViewController.m */,
				0828900D187DFB9A005C6400 /* Images.xcassets */,
				08288FFC187DFB9A005C6400 /* Supporting Files */,
			);
			path = GRKBlurViewTestApp;
			sourceTree = "<group>";
		};
		08288FFC187DFB9A005C6400 /* Supporting Files */ = {
			isa = PBXGroup;
			children = (
				08288FFD187DFB9A005C6400 /* GRKBlurViewTestApp-Info.plist */,
				08288FFE187DFB9A005C6400 /* InfoPlist.strings */,
				08289001187DFB9A005C6400 /* main.m */,
				08289003187DFB9A005C6400 /* GRKBlurViewTestApp-Prefix.pch */,
			);
			name = "Supporting Files";
			sourceTree = "<group>";
		};
		0828901A187DFB9A005C6400 /* GRKBlurViewTestAppTests */ = {
			isa = PBXGroup;
			children = (
				08289020187DFB9A005C6400 /* GRKBlurViewTestAppTests.m */,
				0828901B187DFB9A005C6400 /* Supporting Files */,
			);
			path = GRKBlurViewTestAppTests;
			sourceTree = "<group>";
		};
		0828901B187DFB9A005C6400 /* Supporting Files */ = {
			isa = PBXGroup;
			children = (
				0828901C187DFB9A005C6400 /* GRKBlurViewTestAppTests-Info.plist */,
				0828901D187DFB9A005C6400 /* InfoPlist.strings */,
			);
			name = "Supporting Files";
			sourceTree = "<group>";
		};
		0828902E187DFBCF005C6400 /* GRKBlurView */ = {
			isa = PBXGroup;
			children = (
				0828902A187DFBC8005C6400 /* GRKBlurView.h */,
				0828902B187DFBC8005C6400 /* GRKBlurView.m */,
				DBAC8679193651D80026A79D /* UIView+Snapshot.h */,
				DBAC867A193651D80026A79D /* UIView+Snapshot.m */,
				DBAC867C1936B66F0026A79D /* UIImage+Resize.h */,
				DBAC867D1936B66F0026A79D /* UIImage+Resize.m */,
				DBAC867F1936B7AE0026A79D /* UIImage+Blur.h */,
				DBAC86801936B7AE0026A79D /* UIImage+Blur.m */,
			);
			name = GRKBlurView;
			path = GRKBlurViewTestApp;
			sourceTree = "<group>";
		};
/* End PBXGroup section */

/* Begin PBXNativeTarget section */
		08288FF1187DFB9A005C6400 /* GRKBlurViewTestApp */ = {
			isa = PBXNativeTarget;
			buildConfigurationList = 08289024187DFB9A005C6400 /* Build configuration list for PBXNativeTarget "GRKBlurViewTestApp" */;
			buildPhases = (
				08288FEE187DFB9A005C6400 /* Sources */,
				08288FEF187DFB9A005C6400 /* Frameworks */,
				08288FF0187DFB9A005C6400 /* Resources */,
			);
			buildRules = (
			);
			dependencies = (
			);
			name = GRKBlurViewTestApp;
			productName = GRKBlurViewTestApp;
			productReference = 08288FF2187DFB9A005C6400 /* GRKBlurViewTestApp.app */;
			productType = "com.apple.product-type.application";
		};
		08289012187DFB9A005C6400 /* GRKBlurViewTestAppTests */ = {
			isa = PBXNativeTarget;
			buildConfigurationList = 08289027187DFB9A005C6400 /* Build configuration list for PBXNativeTarget "GRKBlurViewTestAppTests" */;
			buildPhases = (
				0828900F187DFB9A005C6400 /* Sources */,
				08289010187DFB9A005C6400 /* Frameworks */,
				08289011187DFB9A005C6400 /* Resources */,
			);
			buildRules = (
			);
			dependencies = (
				08289019187DFB9A005C6400 /* PBXTargetDependency */,
			);
			name = GRKBlurViewTestAppTests;
			productName = GRKBlurViewTestAppTests;
			productReference = 08289013187DFB9A005C6400 /* GRKBlurViewTestAppTests.xctest */;
			productType = "com.apple.product-type.bundle.unit-test";
		};
/* End PBXNativeTarget section */

/* Begin PBXProject section */
		08288FEA187DFB9A005C6400 /* Project object */ = {
			isa = PBXProject;
			attributes = {
				CLASSPREFIX = GRK;
				LastUpgradeCheck = 0510;
				ORGANIZATIONNAME = "Levi Brown";
				TargetAttributes = {
					08289012187DFB9A005C6400 = {
						TestTargetID = 08288FF1187DFB9A005C6400;
					};
				};
			};
			buildConfigurationList = 08288FED187DFB9A005C6400 /* Build configuration list for PBXProject "GRKBlurViewTestApp" */;
			compatibilityVersion = "Xcode 3.2";
			developmentRegion = English;
			hasScannedForEncodings = 0;
			knownRegions = (
				en,
				Base,
			);
			mainGroup = 08288FE9187DFB9A005C6400;
			productRefGroup = 08288FF3187DFB9A005C6400 /* Products */;
			projectDirPath = "";
			projectRoot = "";
			targets = (
				08288FF1187DFB9A005C6400 /* GRKBlurViewTestApp */,
				08289012187DFB9A005C6400 /* GRKBlurViewTestAppTests */,
			);
		};
/* End PBXProject section */

/* Begin PBXResourcesBuildPhase section */
		08288FF0187DFB9A005C6400 /* Resources */ = {
			isa = PBXResourcesBuildPhase;
			buildActionMask = 2147483647;
			files = (
				0828900E187DFB9A005C6400 /* Images.xcassets in Resources */,
				08289000187DFB9A005C6400 /* InfoPlist.strings in Resources */,
				08289009187DFB9A005C6400 /* Main.storyboard in Resources */,
			);
			runOnlyForDeploymentPostprocessing = 0;
		};
		08289011187DFB9A005C6400 /* Resources */ = {
			isa = PBXResourcesBuildPhase;
			buildActionMask = 2147483647;
			files = (
				0828901F187DFB9A005C6400 /* InfoPlist.strings in Resources */,
			);
			runOnlyForDeploymentPostprocessing = 0;
		};
/* End PBXResourcesBuildPhase section */

/* Begin PBXSourcesBuildPhase section */
		08288FEE187DFB9A005C6400 /* Sources */ = {
			isa = PBXSourcesBuildPhase;
			buildActionMask = 2147483647;
			files = (
				0828902C187DFBC8005C6400 /* GRKBlurView.m in Sources */,
				DBAC86811936B7AE0026A79D /* UIImage+Blur.m in Sources */,
				0828900C187DFB9A005C6400 /* GRKViewController.m in Sources */,
				DBAC867B193651D80026A79D /* UIView+Snapshot.m in Sources */,
				08289002187DFB9A005C6400 /* main.m in Sources */,
				08289006187DFB9A005C6400 /* GRKAppDelegate.m in Sources */,
				DBAC867E1936B66F0026A79D /* UIImage+Resize.m in Sources */,
			);
			runOnlyForDeploymentPostprocessing = 0;
		};
		0828900F187DFB9A005C6400 /* Sources */ = {
			isa = PBXSourcesBuildPhase;
			buildActionMask = 2147483647;
			files = (
				0828902D187DFBC8005C6400 /* GRKBlurView.m in Sources */,
				08289021187DFB9A005C6400 /* GRKBlurViewTestAppTests.m in Sources */,
			);
			runOnlyForDeploymentPostprocessing = 0;
		};
/* End PBXSourcesBuildPhase section */

/* Begin PBXTargetDependency section */
		08289019187DFB9A005C6400 /* PBXTargetDependency */ = {
			isa = PBXTargetDependency;
			target = 08288FF1187DFB9A005C6400 /* GRKBlurViewTestApp */;
			targetProxy = 08289018187DFB9A005C6400 /* PBXContainerItemProxy */;
		};
/* End PBXTargetDependency section */

/* Begin PBXVariantGroup section */
		08288FFE187DFB9A005C6400 /* InfoPlist.strings */ = {
			isa = PBXVariantGroup;
			children = (
				08288FFF187DFB9A005C6400 /* en */,
			);
			name = InfoPlist.strings;
			sourceTree = "<group>";
		};
		08289007187DFB9A005C6400 /* Main.storyboard */ = {
			isa = PBXVariantGroup;
			children = (
				08289008187DFB9A005C6400 /* Base */,
			);
			name = Main.storyboard;
			sourceTree = "<group>";
		};
		0828901D187DFB9A005C6400 /* InfoPlist.strings */ = {
			isa = PBXVariantGroup;
			children = (
				0828901E187DFB9A005C6400 /* en */,
			);
			name = InfoPlist.strings;
			sourceTree = "<group>";
		};
/* End PBXVariantGroup section */

/* Begin XCBuildConfiguration section */
		08289022187DFB9A005C6400 /* Debug */ = {
			isa = XCBuildConfiguration;
			buildSettings = {
				ALWAYS_SEARCH_USER_PATHS = NO;
				ARCHS = "$(ARCHS_STANDARD_INCLUDING_64_BIT)";
				CLANG_CXX_LANGUAGE_STANDARD = "gnu++0x";
				CLANG_CXX_LIBRARY = "libc++";
				CLANG_ENABLE_MODULES = YES;
				CLANG_ENABLE_OBJC_ARC = YES;
				CLANG_WARN_BOOL_CONVERSION = YES;
				CLANG_WARN_CONSTANT_CONVERSION = YES;
				CLANG_WARN_DIRECT_OBJC_ISA_USAGE = YES_ERROR;
				CLANG_WARN_EMPTY_BODY = YES;
				CLANG_WARN_ENUM_CONVERSION = YES;
				CLANG_WARN_INT_CONVERSION = YES;
				CLANG_WARN_OBJC_ROOT_CLASS = YES_ERROR;
				CLANG_WARN__DUPLICATE_METHOD_MATCH = YES;
				"CODE_SIGN_IDENTITY[sdk=iphoneos*]" = "iPhone Developer";
				COPY_PHASE_STRIP = NO;
				GCC_C_LANGUAGE_STANDARD = gnu99;
				GCC_DYNAMIC_NO_PIC = NO;
				GCC_OPTIMIZATION_LEVEL = 0;
				GCC_PREPROCESSOR_DEFINITIONS = (
					"DEBUG=1",
					"$(inherited)",
				);
				GCC_SYMBOLS_PRIVATE_EXTERN = NO;
				GCC_WARN_64_TO_32_BIT_CONVERSION = YES;
				GCC_WARN_ABOUT_RETURN_TYPE = YES_ERROR;
				GCC_WARN_UNDECLARED_SELECTOR = YES;
				GCC_WARN_UNINITIALIZED_AUTOS = YES_AGGRESSIVE;
				GCC_WARN_UNUSED_FUNCTION = YES;
				GCC_WARN_UNUSED_VARIABLE = YES;
				IPHONEOS_DEPLOYMENT_TARGET = 7.0;
				ONLY_ACTIVE_ARCH = YES;
				SDKROOT = iphoneos;
			};
			name = Debug;
		};
		08289023187DFB9A005C6400 /* Release */ = {
			isa = XCBuildConfiguration;
			buildSettings = {
				ALWAYS_SEARCH_USER_PATHS = NO;
				ARCHS = "$(ARCHS_STANDARD_INCLUDING_64_BIT)";
				CLANG_CXX_LANGUAGE_STANDARD = "gnu++0x";
				CLANG_CXX_LIBRARY = "libc++";
				CLANG_ENABLE_MODULES = YES;
				CLANG_ENABLE_OBJC_ARC = YES;
				CLANG_WARN_BOOL_CONVERSION = YES;
				CLANG_WARN_CONSTANT_CONVERSION = YES;
				CLANG_WARN_DIRECT_OBJC_ISA_USAGE = YES_ERROR;
				CLANG_WARN_EMPTY_BODY = YES;
				CLANG_WARN_ENUM_CONVERSION = YES;
				CLANG_WARN_INT_CONVERSION = YES;
				CLANG_WARN_OBJC_ROOT_CLASS = YES_ERROR;
				CLANG_WARN__DUPLICATE_METHOD_MATCH = YES;
				"CODE_SIGN_IDENTITY[sdk=iphoneos*]" = "iPhone Developer";
				COPY_PHASE_STRIP = YES;
				ENABLE_NS_ASSERTIONS = NO;
				GCC_C_LANGUAGE_STANDARD = gnu99;
				GCC_WARN_64_TO_32_BIT_CONVERSION = YES;
				GCC_WARN_ABOUT_RETURN_TYPE = YES_ERROR;
				GCC_WARN_UNDECLARED_SELECTOR = YES;
				GCC_WARN_UNINITIALIZED_AUTOS = YES_AGGRESSIVE;
				GCC_WARN_UNUSED_FUNCTION = YES;
				GCC_WARN_UNUSED_VARIABLE = YES;
				IPHONEOS_DEPLOYMENT_TARGET = 7.0;
				SDKROOT = iphoneos;
				VALIDATE_PRODUCT = YES;
			};
			name = Release;
		};
		08289025187DFB9A005C6400 /* Debug */ = {
			isa = XCBuildConfiguration;
			buildSettings = {
				ASSETCATALOG_COMPILER_APPICON_NAME = AppIcon;
				ASSETCATALOG_COMPILER_LAUNCHIMAGE_NAME = LaunchImage;
				GCC_PRECOMPILE_PREFIX_HEADER = YES;
				GCC_PREFIX_HEADER = "GRKBlurViewTestApp/GRKBlurViewTestApp-Prefix.pch";
				INFOPLIST_FILE = "GRKBlurViewTestApp/GRKBlurViewTestApp-Info.plist";
				IPHONEOS_DEPLOYMENT_TARGET = 7.0;
				PRODUCT_NAME = "$(TARGET_NAME)";
				WRAPPER_EXTENSION = app;
			};
			name = Debug;
		};
		08289026187DFB9A005C6400 /* Release */ = {
			isa = XCBuildConfiguration;
			buildSettings = {
				ASSETCATALOG_COMPILER_APPICON_NAME = AppIcon;
				ASSETCATALOG_COMPILER_LAUNCHIMAGE_NAME = LaunchImage;
				GCC_PRECOMPILE_PREFIX_HEADER = YES;
				GCC_PREFIX_HEADER = "GRKBlurViewTestApp/GRKBlurViewTestApp-Prefix.pch";
				INFOPLIST_FILE = "GRKBlurViewTestApp/GRKBlurViewTestApp-Info.plist";
				IPHONEOS_DEPLOYMENT_TARGET = 7.0;
				PRODUCT_NAME = "$(TARGET_NAME)";
				WRAPPER_EXTENSION = app;
			};
			name = Release;
		};
		08289028187DFB9A005C6400 /* Debug */ = {
			isa = XCBuildConfiguration;
			buildSettings = {
				ARCHS = "$(ARCHS_STANDARD_INCLUDING_64_BIT)";
				BUNDLE_LOADER = "$(BUILT_PRODUCTS_DIR)/GRKBlurViewTestApp.app/GRKBlurViewTestApp";
				FRAMEWORK_SEARCH_PATHS = (
					"$(SDKROOT)/Developer/Library/Frameworks",
					"$(inherited)",
					"$(DEVELOPER_FRAMEWORKS_DIR)",
				);
				GCC_PRECOMPILE_PREFIX_HEADER = YES;
				GCC_PREFIX_HEADER = "GRKBlurViewTestApp/GRKBlurViewTestApp-Prefix.pch";
				GCC_PREPROCESSOR_DEFINITIONS = (
					"DEBUG=1",
					"$(inherited)",
				);
				INFOPLIST_FILE = "GRKBlurViewTestAppTests/GRKBlurViewTestAppTests-Info.plist";
				PRODUCT_NAME = "$(TARGET_NAME)";
				TEST_HOST = "$(BUNDLE_LOADER)";
				WRAPPER_EXTENSION = xctest;
			};
			name = Debug;
		};
		08289029187DFB9A005C6400 /* Release */ = {
			isa = XCBuildConfiguration;
			buildSettings = {
				ARCHS = "$(ARCHS_STANDARD_INCLUDING_64_BIT)";
				BUNDLE_LOADER = "$(BUILT_PRODUCTS_DIR)/GRKBlurViewTestApp.app/GRKBlurViewTestApp";
				FRAMEWORK_SEARCH_PATHS = (
					"$(SDKROOT)/Developer/Library/Frameworks",
					"$(inherited)",
					"$(DEVELOPER_FRAMEWORKS_DIR)",
				);
				GCC_PRECOMPILE_PREFIX_HEADER = YES;
				GCC_PREFIX_HEADER = "GRKBlurViewTestApp/GRKBlurViewTestApp-Prefix.pch";
				INFOPLIST_FILE = "GRKBlurViewTestAppTests/GRKBlurViewTestAppTests-Info.plist";
				PRODUCT_NAME = "$(TARGET_NAME)";
				TEST_HOST = "$(BUNDLE_LOADER)";
				WRAPPER_EXTENSION = xctest;
			};
			name = Release;
		};
/* End XCBuildConfiguration section */

/* Begin XCConfigurationList section */
		08288FED187DFB9A005C6400 /* Build configuration list for PBXProject "GRKBlurViewTestApp" */ = {
			isa = XCConfigurationList;
			buildConfigurations = (
				08289022187DFB9A005C6400 /* Debug */,
				08289023187DFB9A005C6400 /* Release */,
			);
			defaultConfigurationIsVisible = 0;
			defaultConfigurationName = Release;
		};
		08289024187DFB9A005C6400 /* Build configuration list for PBXNativeTarget "GRKBlurViewTestApp" */ = {
			isa = XCConfigurationList;
			buildConfigurations = (
				08289025187DFB9A005C6400 /* Debug */,
				08289026187DFB9A005C6400 /* Release */,
			);
			defaultConfigurationIsVisible = 0;
			defaultConfigurationName = Release;
		};
		08289027187DFB9A005C6400 /* Build configuration list for PBXNativeTarget "GRKBlurViewTestAppTests" */ = {
			isa = XCConfigurationList;
			buildConfigurations = (
				08289028187DFB9A005C6400 /* Debug */,
				08289029187DFB9A005C6400 /* Release */,
			);
			defaultConfigurationIsVisible = 0;
			defaultConfigurationName = Release;
		};
/* End XCConfigurationList section */
	};
	rootObject = 08288FEA187DFB9A005C6400 /* Project object */;
}
